PODS:
  - ARCore/AugmentedFaces (1.35.0):
    - ARCore/Base (~> 1.35)
    - GoogleDataTransport (~> 9.2)
    - nanopb (< 2.30910.0, >= 2.30908.0)
  - ARCore/Base (1.35.0):
    - GoogleDataTransport (~> 9.2)
    - nanopb (< 2.30910.0, >= 2.30908.0)
  - GoogleDataTransport (9.2.0):
    - GoogleUtilities/Environment (~> 7.7)
    - nanopb (< 2.30910.0, >= 2.30908.0)
    - PromisesObjC (< 3.0, >= 1.2)
  - GoogleUtilities/Environment (7.10.0):
    - PromisesObjC (< 3.0, >= 1.2)
  - nanopb (2.30909.0):
    - nanopb/decode (= 2.30909.0)
    - nanopb/encode (= 2.30909.0)
  - nanopb/decode (2.30909.0)
  - nanopb/encode (2.30909.0)
  - PromisesObjC (2.1.1)

DEPENDENCIES:
  - ARCore/AugmentedFaces (~> 1.35.0)

SPEC REPOS:
  trunk:
    - ARCore
    - GoogleDataTransport
    - GoogleUtilities
    - nanopb
    - PromisesObjC

SPEC CHECKSUMS:
  ARCore: b7ce7f400275982eb26a2e19deb3bab5cea062fc
  GoogleDataTransport: 1c8145da7117bd68bbbed00cf304edb6a24de00f
  GoogleUtilities: bad72cb363809015b1f7f19beb1f1cd23c589f95
  nanopb: b552cce312b6c8484180ef47159bc0f65a1f0431
  PromisesObjC: ab77feca74fa2823e7af4249b8326368e61014cb

PODFILE CHECKSUM: bdec399cc8981a37d486e08cc5e04585d4f590e5

COCOAPODS: 1.11.3
